// !$*UTF8*$!
{
	archiveVersion = 1;
	classes = {
	};
	objectVersion = 55;
	objects = {

/* Begin PBXBuildFile section */
		C6793AC127D171D80011535C /* ProfileHeaderView.swift in Sources */ = {isa = PBXBuildFile; fileRef = C6793AC027D171D80011535C /* ProfileHeaderView.swift */; };
		C6F1E53027C83B44009765B0 /* AppDelegate.swift in Sources */ = {isa = PBXBuildFile; fileRef = C6F1E52F27C83B44009765B0 /* AppDelegate.swift */; };
		C6F1E53227C83B44009765B0 /* SceneDelegate.swift in Sources */ = {isa = PBXBuildFile; fileRef = C6F1E53127C83B44009765B0 /* SceneDelegate.swift */; };
		C6F1E53927C83B46009765B0 /* Assets.xcassets in Resources */ = {isa = PBXBuildFile; fileRef = C6F1E53827C83B46009765B0 /* Assets.xcassets */; };
		C6F1E53C27C83B46009765B0 /* LaunchScreen.storyboard in Resources */ = {isa = PBXBuildFile; fileRef = C6F1E53A27C83B46009765B0 /* LaunchScreen.storyboard */; };
		C6F1E54427C83BE0009765B0 /* FeedViewController.swift in Sources */ = {isa = PBXBuildFile; fileRef = C6F1E54327C83BE0009765B0 /* FeedViewController.swift */; };
		C6F1E54627C83C1C009765B0 /* ProfileViewController.swift in Sources */ = {isa = PBXBuildFile; fileRef = C6F1E54527C83C1C009765B0 /* ProfileViewController.swift */; };
		C6F1E54827C83C4F009765B0 /* PostViewController.swift in Sources */ = {isa = PBXBuildFile; fileRef = C6F1E54727C83C4F009765B0 /* PostViewController.swift */; };
		C6F1E54A27C83C76009765B0 /* InfoViewController.swift in Sources */ = {isa = PBXBuildFile; fileRef = C6F1E54927C83C76009765B0 /* InfoViewController.swift */; };
		C6F953A1281DCFD0005E8B6F /* LogInViewController.swift in Sources */ = {isa = PBXBuildFile; fileRef = C6F953A0281DCFD0005E8B6F /* LogInViewController.swift */; };
		C6F953A4281DD09A005E8B6F /* Color.swift in Sources */ = {isa = PBXBuildFile; fileRef = C6F953A3281DD09A005E8B6F /* Color.swift */; };
		C6F953A6281DD0C3005E8B6F /* Extentions.swift in Sources */ = {isa = PBXBuildFile; fileRef = C6F953A5281DD0C2005E8B6F /* Extentions.swift */; };
/* End PBXBuildFile section */

/* Begin PBXFileReference section */
		C6793AC027D171D80011535C /* ProfileHeaderView.swift */ = {isa = PBXFileReference; lastKnownFileType = sourcecode.swift; path = ProfileHeaderView.swift; sourceTree = "<group>"; };
		C6F1E52C27C83B44009765B0 /* NavigationUIViewController.app */ = {isa = PBXFileReference; explicitFileType = wrapper.application; includeInIndex = 0; path = NavigationUIViewController.app; sourceTree = BUILT_PRODUCTS_DIR; };
		C6F1E52F27C83B44009765B0 /* AppDelegate.swift */ = {isa = PBXFileReference; lastKnownFileType = sourcecode.swift; path = AppDelegate.swift; sourceTree = "<group>"; };
		C6F1E53127C83B44009765B0 /* SceneDelegate.swift */ = {isa = PBXFileReference; lastKnownFileType = sourcecode.swift; path = SceneDelegate.swift; sourceTree = "<group>"; };
		C6F1E53827C83B46009765B0 /* Assets.xcassets */ = {isa = PBXFileReference; lastKnownFileType = folder.assetcatalog; path = Assets.xcassets; sourceTree = "<group>"; };
		C6F1E53B27C83B46009765B0 /* Base */ = {isa = PBXFileReference; lastKnownFileType = file.storyboard; name = Base; path = Base.lproj/LaunchScreen.storyboard; sourceTree = "<group>"; };
		C6F1E53D27C83B46009765B0 /* Info.plist */ = {isa = PBXFileReference; lastKnownFileType = text.plist.xml; path = Info.plist; sourceTree = "<group>"; };
		C6F1E54327C83BE0009765B0 /* FeedViewController.swift */ = {isa = PBXFileReference; lastKnownFileType = sourcecode.swift; path = FeedViewController.swift; sourceTree = "<group>"; };
		C6F1E54527C83C1C009765B0 /* ProfileViewController.swift */ = {isa = PBXFileReference; lastKnownFileType = sourcecode.swift; path = ProfileViewController.swift; sourceTree = "<group>"; };
		C6F1E54727C83C4F009765B0 /* PostViewController.swift */ = {isa = PBXFileReference; lastKnownFileType = sourcecode.swift; path = PostViewController.swift; sourceTree = "<group>"; };
		C6F1E54927C83C76009765B0 /* InfoViewController.swift */ = {isa = PBXFileReference; lastKnownFileType = sourcecode.swift; path = InfoViewController.swift; sourceTree = "<group>"; };
		C6F953A0281DCFD0005E8B6F /* LogInViewController.swift */ = {isa = PBXFileReference; lastKnownFileType = sourcecode.swift; path = LogInViewController.swift; sourceTree = "<group>"; };
		C6F953A3281DD09A005E8B6F /* Color.swift */ = {isa = PBXFileReference; lastKnownFileType = sourcecode.swift; path = Color.swift; sourceTree = "<group>"; };
		C6F953A5281DD0C2005E8B6F /* Extentions.swift */ = {isa = PBXFileReference; lastKnownFileType = sourcecode.swift; path = Extentions.swift; sourceTree = "<group>"; };
/* End PBXFileReference section */

/* Begin PBXFrameworksBuildPhase section */
		C6F1E52927C83B44009765B0 /* Frameworks */ = {
			isa = PBXFrameworksBuildPhase;
			buildActionMask = 2147483647;
			files = (
			);
			runOnlyForDeploymentPostprocessing = 0;
		};
/* End PBXFrameworksBuildPhase section */

/* Begin PBXGroup section */
		C6793ABE27D171290011535C /* Profile */ = {
			isa = PBXGroup;
			children = (
				C6793AC027D171D80011535C /* ProfileHeaderView.swift */,
				C6F953A0281DCFD0005E8B6F /* LogInViewController.swift */,
			);
			path = Profile;
			sourceTree = "<group>";
		};
		C6793ABF27D171440011535C /* Controller */ = {
			isa = PBXGroup;
			children = (
			);
			path = Controller;
			sourceTree = "<group>";
		};
		C6F1E52327C83B44009765B0 = {
			isa = PBXGroup;
			children = (
				C6F1E52E27C83B44009765B0 /* NavigationUIViewController */,
				C6793ABE27D171290011535C /* Profile */,
				C6F1E52D27C83B44009765B0 /* Products */,
			);
			sourceTree = "<group>";
		};
		C6F1E52D27C83B44009765B0 /* Products */ = {
			isa = PBXGroup;
			children = (
				C6F1E52C27C83B44009765B0 /* NavigationUIViewController.app */,
			);
			name = Products;
			sourceTree = "<group>";
		};
		C6F1E52E27C83B44009765B0 /* NavigationUIViewController */ = {
			isa = PBXGroup;
			children = (
				C6F953A2281DD086005E8B6F /* Other */,
				C6793ABF27D171440011535C /* Controller */,
				C6F1E52F27C83B44009765B0 /* AppDelegate.swift */,
				C6F1E53127C83B44009765B0 /* SceneDelegate.swift */,
				C6F1E54527C83C1C009765B0 /* ProfileViewController.swift */,
				C6F1E54327C83BE0009765B0 /* FeedViewController.swift */,
				C6F1E54727C83C4F009765B0 /* PostViewController.swift */,
				C6F1E54927C83C76009765B0 /* InfoViewController.swift */,
				C6F1E53827C83B46009765B0 /* Assets.xcassets */,
				C6F1E53A27C83B46009765B0 /* LaunchScreen.storyboard */,
				C6F1E53D27C83B46009765B0 /* Info.plist */,
			);
			indentWidth = 4;
			path = NavigationUIViewController;
			sourceTree = "<group>";
		};
		C6F953A2281DD086005E8B6F /* Other */ = {
			isa = PBXGroup;
			children = (
				C6F953A3281DD09A005E8B6F /* Color.swift */,
				C6F953A5281DD0C2005E8B6F /* Extentions.swift */,
			);
			path = Other;
			sourceTree = "<group>";
		};
/* End PBXGroup section */

/* Begin PBXNativeTarget section */
		C6F1E52B27C83B44009765B0 /* NavigationUIViewController */ = {
			isa = PBXNativeTarget;
			buildConfigurationList = C6F1E54027C83B46009765B0 /* Build configuration list for PBXNativeTarget "NavigationUIViewController" */;
			buildPhases = (
				C6F1E52827C83B44009765B0 /* Sources */,
				C6F1E52927C83B44009765B0 /* Frameworks */,
				C6F1E52A27C83B44009765B0 /* Resources */,
			);
			buildRules = (
			);
			dependencies = (
			);
			name = NavigationUIViewController;
			productName = NavigationUIViewController;
			productReference = C6F1E52C27C83B44009765B0 /* NavigationUIViewController.app */;
			productType = "com.apple.product-type.application";
		};
/* End PBXNativeTarget section */

/* Begin PBXProject section */
		C6F1E52427C83B44009765B0 /* Project object */ = {
			isa = PBXProject;
			attributes = {
				BuildIndependentTargetsInParallel = 1;
				LastSwiftUpdateCheck = 1320;
				LastUpgradeCheck = 1320;
				TargetAttributes = {
					C6F1E52B27C83B44009765B0 = {
						CreatedOnToolsVersion = 13.2.1;
					};
				};
			};
			buildConfigurationList = C6F1E52727C83B44009765B0 /* Build configuration list for PBXProject "NavigationUIViewController" */;
			compatibilityVersion = "Xcode 13.0";
			developmentRegion = en;
			hasScannedForEncodings = 0;
			knownRegions = (
				en,
				Base,
			);
			mainGroup = C6F1E52327C83B44009765B0;
			productRefGroup = C6F1E52D27C83B44009765B0 /* Products */;
			projectDirPath = "";
			projectRoot = "";
			targets = (
				C6F1E52B27C83B44009765B0 /* NavigationUIViewController */,
			);
		};
/* End PBXProject section */

/* Begin PBXResourcesBuildPhase section */
		C6F1E52A27C83B44009765B0 /* Resources */ = {
			isa = PBXResourcesBuildPhase;
			buildActionMask = 2147483647;
			files = (
				C6F1E53C27C83B46009765B0 /* LaunchScreen.storyboard in Resources */,
				C6F1E53927C83B46009765B0 /* Assets.xcassets in Resources */,
			);
			runOnlyForDeploymentPostprocessing = 0;
		};
/* End PBXResourcesBuildPhase section */

/* Begin PBXSourcesBuildPhase section */
		C6F1E52827C83B44009765B0 /* Sources */ = {
			isa = PBXSourcesBuildPhase;
			buildActionMask = 2147483647;
			files = (
				C6F1E53027C83B44009765B0 /* AppDelegate.swift in Sources */,
				C6F1E54427C83BE0009765B0 /* FeedViewController.swift in Sources */,
				C6F953A6281DD0C3005E8B6F /* Extentions.swift in Sources */,
				C6F1E54627C83C1C009765B0 /* ProfileViewController.swift in Sources */,
				C6F1E53227C83B44009765B0 /* SceneDelegate.swift in Sources */,
				C6F953A1281DCFD0005E8B6F /* LogInViewController.swift in Sources */,
				C6793AC127D171D80011535C /* ProfileHeaderView.swift in Sources */,
				C6F1E54A27C83C76009765B0 /* InfoViewController.swift in Sources */,
				C6F1E54827C83C4F009765B0 /* PostViewController.swift in Sources */,
				C6F953A4281DD09A005E8B6F /* Color.swift in Sources */,
			);
			runOnlyForDeploymentPostprocessing = 0;
		};
/* End PBXSourcesBuildPhase section */

/* Begin PBXVariantGroup section */
		C6F1E53A27C83B46009765B0 /* LaunchScreen.storyboard */ = {
			isa = PBXVariantGroup;
			children = (
				C6F1E53B27C83B46009765B0 /* Base */,
			);
			name = LaunchScreen.storyboard;
			sourceTree = "<group>";
		};
/* End PBXVariantGroup section */

/* Begin XCBuildConfiguration section */
		C6F1E53E27C83B46009765B0 /* Debug */ = {
			isa = XCBuildConfiguration;
			buildSettings = {
				ALWAYS_SEARCH_USER_PATHS = NO;
				CLANG_ANALYZER_NONNULL = YES;
				CLANG_ANALYZER_NUMBER_OBJECT_CONVERSION = YES_AGGRESSIVE;
				CLANG_CXX_LANGUAGE_STANDARD = "gnu++17";
				CLANG_CXX_LIBRARY = "libc++";
				CLANG_ENABLE_MODULES = YES;
				CLANG_ENABLE_OBJC_ARC = YES;
				CLANG_ENABLE_OBJC_WEAK = YES;
				CLANG_WARN_BLOCK_CAPTURE_AUTORELEASING = YES;
				CLANG_WARN_BOOL_CONVERSION = YES;
				CLANG_WARN_COMMA = YES;
				CLANG_WARN_CONSTANT_CONVERSION = YES;
				CLANG_WARN_DEPRECATED_OBJC_IMPLEMENTATIONS = YES;
				CLANG_WARN_DIRECT_OBJC_ISA_USAGE = YES_ERROR;
				CLANG_WARN_DOCUMENTATION_COMMENTS = YES;
				CLANG_WARN_EMPTY_BODY = YES;
				CLANG_WARN_ENUM_CONVERSION = YES;
				CLANG_WARN_INFINITE_RECURSION = YES;
				CLANG_WARN_INT_CONVERSION = YES;
				CLANG_WARN_NON_LITERAL_NULL_CONVERSION = YES;
				CLANG_WARN_OBJC_IMPLICIT_RETAIN_SELF = YES;
				CLANG_WARN_OBJC_LITERAL_CONVERSION = YES;
				CLANG_WARN_OBJC_ROOT_CLASS = YES_ERROR;
				CLANG_WARN_QUOTED_INCLUDE_IN_FRAMEWORK_HEADER = YES;
				CLANG_WARN_RANGE_LOOP_ANALYSIS = YES;
				CLANG_WARN_STRICT_PROTOTYPES = YES;
				CLANG_WARN_SUSPICIOUS_MOVE = YES;
				CLANG_WARN_UNGUARDED_AVAILABILITY = YES_AGGRESSIVE;
				CLANG_WARN_UNREACHABLE_CODE = YES;
				CLANG_WARN__DUPLICATE_METHOD_MATCH = YES;
				COPY_PHASE_STRIP = NO;
				DEBUG_INFORMATION_FORMAT = dwarf;
				ENABLE_STRICT_OBJC_MSGSEND = YES;
				ENABLE_TESTABILITY = YES;
				GCC_C_LANGUAGE_STANDARD = gnu11;
				GCC_DYNAMIC_NO_PIC = NO;
				GCC_NO_COMMON_BLOCKS = YES;
				GCC_OPTIMIZATION_LEVEL = 0;
				GCC_PREPROCESSOR_DEFINITIONS = (
					"DEBUG=1",
					"$(inherited)",
				);
				GCC_WARN_64_TO_32_BIT_CONVERSION = YES;
				GCC_WARN_ABOUT_RETURN_TYPE = YES_ERROR;
				GCC_WARN_UNDECLARED_SELECTOR = YES;
				GCC_WARN_UNINITIALIZED_AUTOS = YES_AGGRESSIVE;
				GCC_WARN_UNUSED_FUNCTION = YES;
				GCC_WARN_UNUSED_VARIABLE = YES;
				IPHONEOS_DEPLOYMENT_TARGET = 15.2;
				MTL_ENABLE_DEBUG_INFO = INCLUDE_SOURCE;
				MTL_FAST_MATH = YES;
				ONLY_ACTIVE_ARCH = YES;
				SDKROOT = iphoneos;
				SWIFT_ACTIVE_COMPILATION_CONDITIONS = DEBUG;
				SWIFT_OPTIMIZATION_LEVEL = "-Onone";
			};
			name = Debug;
		};
		C6F1E53F27C83B46009765B0 /* Release */ = {
			isa = XCBuildConfiguration;
			buildSettings = {
				ALWAYS_SEARCH_USER_PATHS = NO;
				CLANG_ANALYZER_NONNULL = YES;
				CLANG_ANALYZER_NUMBER_OBJECT_CONVERSION = YES_AGGRESSIVE;
				CLANG_CXX_LANGUAGE_STANDARD = "gnu++17";
				CLANG_CXX_LIBRARY = "libc++";
				CLANG_ENABLE_MODULES = YES;
				CLANG_ENABLE_OBJC_ARC = YES;
				CLANG_ENABLE_OBJC_WEAK = YES;
				CLANG_WARN_BLOCK_CAPTURE_AUTORELEASING = YES;
				CLANG_WARN_BOOL_CONVERSION = YES;
				CLANG_WARN_COMMA = YES;
				CLANG_WARN_CONSTANT_CONVERSION = YES;
				CLANG_WARN_DEPRECATED_OBJC_IMPLEMENTATIONS = YES;
				CLANG_WARN_DIRECT_OBJC_ISA_USAGE = YES_ERROR;
				CLANG_WARN_DOCUMENTATION_COMMENTS = YES;
				CLANG_WARN_EMPTY_BODY = YES;
				CLANG_WARN_ENUM_CONVERSION = YES;
				CLANG_WARN_INFINITE_RECURSION = YES;
				CLANG_WARN_INT_CONVERSION = YES;
				CLANG_WARN_NON_LITERAL_NULL_CONVERSION = YES;
				CLANG_WARN_OBJC_IMPLICIT_RETAIN_SELF = YES;
				CLANG_WARN_OBJC_LITERAL_CONVERSION = YES;
				CLANG_WARN_OBJC_ROOT_CLASS = YES_ERROR;
				CLANG_WARN_QUOTED_INCLUDE_IN_FRAMEWORK_HEADER = YES;
				CLANG_WARN_RANGE_LOOP_ANALYSIS = YES;
				CLANG_WARN_STRICT_PROTOTYPES = YES;
				CLANG_WARN_SUSPICIOUS_MOVE = YES;
				CLANG_WARN_UNGUARDED_AVAILABILITY = YES_AGGRESSIVE;
				CLANG_WARN_UNREACHABLE_CODE = YES;
				CLANG_WARN__DUPLICATE_METHOD_MATCH = YES;
				COPY_PHASE_STRIP = NO;
				DEBUG_INFORMATION_FORMAT = "dwarf-with-dsym";
				ENABLE_NS_ASSERTIONS = NO;
				ENABLE_STRICT_OBJC_MSGSEND = YES;
				GCC_C_LANGUAGE_STANDARD = gnu11;
				GCC_NO_COMMON_BLOCKS = YES;
				GCC_WARN_64_TO_32_BIT_CONVERSION = YES;
				GCC_WARN_ABOUT_RETURN_TYPE = YES_ERROR;
				GCC_WARN_UNDECLARED_SELECTOR = YES;
				GCC_WARN_UNINITIALIZED_AUTOS = YES_AGGRESSIVE;
				GCC_WARN_UNUSED_FUNCTION = YES;
				GCC_WARN_UNUSED_VARIABLE = YES;
				IPHONEOS_DEPLOYMENT_TARGET = 15.2;
				MTL_ENABLE_DEBUG_INFO = NO;
				MTL_FAST_MATH = YES;
				SDKROOT = iphoneos;
				SWIFT_COMPILATION_MODE = wholemodule;
				SWIFT_OPTIMIZATION_LEVEL = "-O";
				VALIDATE_PRODUCT = YES;
			};
			name = Release;
		};
		C6F1E54127C83B46009765B0 /* Debug */ = {
			isa = XCBuildConfiguration;
			buildSettings = {
				ASSETCATALOG_COMPILER_APPICON_NAME = AppIcon;
				ASSETCATALOG_COMPILER_GLOBAL_ACCENT_COLOR_NAME = AccentColor;
				CODE_SIGN_STYLE = Automatic;
				CURRENT_PROJECT_VERSION = 1;
				DEVELOPMENT_TEAM = G77WRV3QTD;
				GENERATE_INFOPLIST_FILE = YES;
				INFOPLIST_FILE = NavigationUIViewController/Info.plist;
				INFOPLIST_KEY_UIApplicationSupportsIndirectInputEvents = YES;
				INFOPLIST_KEY_UILaunchStoryboardName = LaunchScreen;
				INFOPLIST_KEY_UISupportedInterfaceOrientations_iPad = "UIInterfaceOrientationPortrait UIInterfaceOrientationPortraitUpsideDown UIInterfaceOrientationLandscapeLeft UIInterfaceOrientationLandscapeRight";
				INFOPLIST_KEY_UISupportedInterfaceOrientations_iPhone = "UIInterfaceOrientationPortrait UIInterfaceOrientationLandscapeLeft UIInterfaceOrientationLandscapeRight";
				LD_RUNPATH_SEARCH_PATHS = (
					"$(inherited)",
					"@executable_path/Frameworks",
				);
				MARKETING_VERSION = 1.0;
				PRODUCT_BUNDLE_IDENTIFIER = Khaidukova.NavigationUIViewController;
				PRODUCT_NAME = "$(TARGET_NAME)";
				SWIFT_EMIT_LOC_STRINGS = YES;
				SWIFT_VERSION = 5.0;
				TARGETED_DEVICE_FAMILY = "1,2";
			};
			name = Debug;
		};
		C6F1E54227C83B46009765B0 /* Release */ = {
			isa = XCBuildConfiguration;
			buildSettings = {
				ASSETCATALOG_COMPILER_APPICON_NAME = AppIcon;
				ASSETCATALOG_COMPILER_GLOBAL_ACCENT_COLOR_NAME = AccentColor;
				CODE_SIGN_STYLE = Automatic;
				CURRENT_PROJECT_VERSION = 1;
				DEVELOPMENT_TEAM = G77WRV3QTD;
				GENERATE_INFOPLIST_FILE = YES;
				INFOPLIST_FILE = NavigationUIViewController/Info.plist;
				INFOPLIST_KEY_UIApplicationSupportsIndirectInputEvents = YES;
				INFOPLIST_KEY_UILaunchStoryboardName = LaunchScreen;
				INFOPLIST_KEY_UISupportedInterfaceOrientations_iPad = "UIInterfaceOrientationPortrait UIInterfaceOrientationPortraitUpsideDown UIInterfaceOrientationLandscapeLeft UIInterfaceOrientationLandscapeRight";
				INFOPLIST_KEY_UISupportedInterfaceOrientations_iPhone = "UIInterfaceOrientationPortrait UIInterfaceOrientationLandscapeLeft UIInterfaceOrientationLandscapeRight";
				LD_RUNPATH_SEARCH_PATHS = (
					"$(inherited)",
					"@executable_path/Frameworks",
				);
				MARKETING_VERSION = 1.0;
				PRODUCT_BUNDLE_IDENTIFIER = Khaidukova.NavigationUIViewController;
				PRODUCT_NAME = "$(TARGET_NAME)";
				SWIFT_EMIT_LOC_STRINGS = YES;
				SWIFT_VERSION = 5.0;
				TARGETED_DEVICE_FAMILY = "1,2";
			};
			name = Release;
		};
/* End XCBuildConfiguration section */

/* Begin XCConfigurationList section */
		C6F1E52727C83B44009765B0 /* Build configuration list for PBXProject "NavigationUIViewController" */ = {
			isa = XCConfigurationList;
			buildConfigurations = (
				C6F1E53E27C83B46009765B0 /* Debug */,
				C6F1E53F27C83B46009765B0 /* Release */,
			);
			defaultConfigurationIsVisible = 0;
			defaultConfigurationName = Release;
		};
		C6F1E54027C83B46009765B0 /* Build configuration list for PBXNativeTarget "NavigationUIViewController" */ = {
			isa = XCConfigurationList;
			buildConfigurations = (
				C6F1E54127C83B46009765B0 /* Debug */,
				C6F1E54227C83B46009765B0 /* Release */,
			);
			defaultConfigurationIsVisible = 0;
			defaultConfigurationName = Release;
		};
/* End XCConfigurationList section */
	};
	rootObject = C6F1E52427C83B44009765B0 /* Project object */;
}
